<?xml version="1.0" encoding="utf-8"?>
<Project ToolsVersion="4.0" xmlns="http://schemas.microsoft.com/developer/msbuild/2003">
  <ItemGroup>
    <Filter Include="external">
      <UniqueIdentifier>{2839F3DC-1406-4EE8-3D1F-3C90294B8376}</UniqueIdentifier>
    </Filter>
    <Filter Include="external\STB">
      <UniqueIdentifier>{20BFD628-0C22-66CD-B5A7-9E83A1E93150}</UniqueIdentifier>
    </Filter>
    <Filter Include="external\STB\include">
      <UniqueIdentifier>{93064101-7F95-CACA-28B4-DEC51422DB70}</UniqueIdentifier>
    </Filter>
    <Filter Include="src">
      <UniqueIdentifier>{2DAB880B-99B4-887C-2230-9F7C8E38947C}</UniqueIdentifier>
    </Filter>
    <Filter Include="src\RTREngine">
      <UniqueIdentifier>{8A316958-F6F1-E48E-BF2C-2E0C2BAC296B}</UniqueIdentifier>
    </Filter>
    <Filter Include="src\RTREngine\Core">
      <UniqueIdentifier>{22DC3094-0EC0-F1E9-7720-EC3C6323DC6B}</UniqueIdentifier>
    </Filter>
    <Filter Include="src\RTREngine\Legacy">
      <UniqueIdentifier>{4ED91B78-3A68-A541-E386-B93CCFF4B5E7}</UniqueIdentifier>
    </Filter>
  </ItemGroup>
  <ItemGroup>
    <ClInclude Include="..\external\STB\include\stb_image.h">
      <Filter>external\STB\include</Filter>
    </ClInclude>
    <ClInclude Include="src\RTR.h">
      <Filter>src</Filter>
    </ClInclude>
    <ClInclude Include="src\RTREngine\Core\App.h">
      <Filter>src\RTREngine\Core</Filter>
    </ClInclude>
    <ClInclude Include="src\RTREngine\Core\Core.h">
      <Filter>src\RTREngine\Core</Filter>
    </ClInclude>
    <ClInclude Include="src\RTREngine\Core\EntryPoint.h">
      <Filter>src\RTREngine\Core</Filter>
    </ClInclude>
    <ClInclude Include="src\RTREngine\Core\Input.h">
      <Filter>src\RTREngine\Core</Filter>
    </ClInclude>
    <ClInclude Include="src\RTREngine\Core\Log.h">
      <Filter>src\RTREngine\Core</Filter>
    </ClInclude>
    <ClInclude Include="src\RTREngine\Legacy\Camera.h">
      <Filter>src\RTREngine\Legacy</Filter>
    </ClInclude>
    <ClInclude Include="src\RTREngine\Legacy\FrameBuffer.h">
      <Filter>src\RTREngine\Legacy</Filter>
    </ClInclude>
    <ClInclude Include="src\RTREngine\Legacy\Framework.h">
      <Filter>src\RTREngine\Legacy</Filter>
    </ClInclude>
    <ClInclude Include="src\RTREngine\Legacy\Input.h">
      <Filter>src\RTREngine\Legacy</Filter>
    </ClInclude>
    <ClInclude Include="src\RTREngine\Legacy\Interfaces.h">
      <Filter>src\RTREngine\Legacy</Filter>
    </ClInclude>
    <ClInclude Include="src\RTREngine\Legacy\LegacyApp.h">
      <Filter>src\RTREngine\Legacy</Filter>
    </ClInclude>
    <ClInclude Include="src\RTREngine\Legacy\Light.h">
      <Filter>src\RTREngine\Legacy</Filter>
    </ClInclude>
    <ClInclude Include="src\RTREngine\Legacy\Material.h">
      <Filter>src\RTREngine\Legacy</Filter>
    </ClInclude>
    <ClInclude Include="src\RTREngine\Legacy\Mesh.h">
      <Filter>src\RTREngine\Legacy</Filter>
    </ClInclude>
    <ClInclude Include="src\RTREngine\Legacy\Model.h">
      <Filter>src\RTREngine\Legacy</Filter>
    </ClInclude>
    <ClInclude Include="src\RTREngine\Legacy\ParticleSystem.h">
      <Filter>src\RTREngine\Legacy</Filter>
    </ClInclude>
    <ClInclude Include="src\RTREngine\Legacy\Resources.h">
      <Filter>src\RTREngine\Legacy</Filter>
    </ClInclude>
    <ClInclude Include="src\RTREngine\Legacy\Scene.h">
      <Filter>src\RTREngine\Legacy</Filter>
    </ClInclude>
    <ClInclude Include="src\RTREngine\Legacy\SceneObject.h">
      <Filter>src\RTREngine\Legacy</Filter>
    </ClInclude>
    <ClInclude Include="src\RTREngine\Legacy\Shader.h">
      <Filter>src\RTREngine\Legacy</Filter>
    </ClInclude>
    <ClInclude Include="src\RTREngine\Legacy\Skybox.h">
      <Filter>src\RTREngine\Legacy</Filter>
    </ClInclude>
    <ClInclude Include="src\RTREngine\Legacy\Texture.h">
      <Filter>src\RTREngine\Legacy</Filter>
    </ClInclude>
    <ClInclude Include="src\RTREngine\Legacy\Time.h">
      <Filter>src\RTREngine\Legacy</Filter>
    </ClInclude>
    <ClInclude Include="src\RTREngine\Legacy\Transform.h">
      <Filter>src\RTREngine\Legacy</Filter>
    </ClInclude>
    <ClInclude Include="src\RTREngine\Legacy\Utils.h">
      <Filter>src\RTREngine\Legacy</Filter>
    </ClInclude>
    <ClInclude Include="src\RTREngine\Legacy\Window.h">
      <Filter>src\RTREngine\Legacy</Filter>
    </ClInclude>
    <ClInclude Include="src\rtrpch.h">
      <Filter>src</Filter>
    </ClInclude>
    <ClInclude Include="src\RTREngine\Events\Event.h" />
  </ItemGroup>
  <ItemGroup>
    <ClCompile Include="..\external\STB\include\stb_image.cpp">
      <Filter>external\STB\include</Filter>
    </ClCompile>
    <ClCompile Include="src\RTREngine\Core\App.cpp">
      <Filter>src\RTREngine\Core</Filter>
    </ClCompile>
    <ClCompile Include="src\RTREngine\Core\Input.cpp">
      <Filter>src\RTREngine\Core</Filter>
    </ClCompile>
    <ClCompile Include="src\RTREngine\Core\Log.cpp">
      <Filter>src\RTREngine\Core</Filter>
    </ClCompile>
    <ClCompile Include="src\RTREngine\Legacy\Camera.cpp">
      <Filter>src\RTREngine\Legacy</Filter>
    </ClCompile>
    <ClCompile Include="src\RTREngine\Legacy\FrameBuffer.cpp">
      <Filter>src\RTREngine\Legacy</Filter>
    </ClCompile>
    <ClCompile Include="src\RTREngine\Legacy\Framework.cpp">
      <Filter>src\RTREngine\Legacy</Filter>
    </ClCompile>
    <ClCompile Include="src\RTREngine\Legacy\Input.cpp">
      <Filter>src\RTREngine\Legacy</Filter>
    </ClCompile>
    <ClCompile Include="src\RTREngine\Legacy\LegacyApp.cpp">
      <Filter>src\RTREngine\Legacy</Filter>
    </ClCompile>
    <ClCompile Include="src\RTREngine\Legacy\Material.cpp">
      <Filter>src\RTREngine\Legacy</Filter>
    </ClCompile>
    <ClCompile Include="src\RTREngine\Legacy\Mesh.cpp">
      <Filter>src\RTREngine\Legacy</Filter>
    </ClCompile>
    <ClCompile Include="src\RTREngine\Legacy\Model.cpp">
      <Filter>src\RTREngine\Legacy</Filter>
    </ClCompile>
    <ClCompile Include="src\RTREngine\Legacy\ParticleSystem.cpp">
      <Filter>src\RTREngine\Legacy</Filter>
    </ClCompile>
    <ClCompile Include="src\RTREngine\Legacy\Resources.cpp">
      <Filter>src\RTREngine\Legacy</Filter>
    </ClCompile>
    <ClCompile Include="src\RTREngine\Legacy\Scene.cpp">
      <Filter>src\RTREngine\Legacy</Filter>
    </ClCompile>
    <ClCompile Include="src\RTREngine\Legacy\SceneObject.cpp">
      <Filter>src\RTREngine\Legacy</Filter>
    </ClCompile>
    <ClCompile Include="src\RTREngine\Legacy\Shader.cpp">
      <Filter>src\RTREngine\Legacy</Filter>
    </ClCompile>
    <ClCompile Include="src\RTREngine\Legacy\Skybox.cpp">
      <Filter>src\RTREngine\Legacy</Filter>
    </ClCompile>
    <ClCompile Include="src\RTREngine\Legacy\Texture.cpp">
      <Filter>src\RTREngine\Legacy</Filter>
    </ClCompile>
    <ClCompile Include="src\RTREngine\Legacy\Time.cpp">
      <Filter>src\RTREngine\Legacy</Filter>
    </ClCompile>
    <ClCompile Include="src\RTREngine\Legacy\Transform.cpp">
      <Filter>src\RTREngine\Legacy</Filter>
    </ClCompile>
    <ClCompile Include="src\RTREngine\Legacy\Window.cpp">
      <Filter>src\RTREngine\Legacy</Filter>
    </ClCompile>
    <ClCompile Include="src\rtrpch.cpp">
      <Filter>src</Filter>
    </ClCompile>
  </ItemGroup>
</Project>